
Microsoft Visual Studio Solution File, Format Version 12.00
# Visual Studio Version 17
VisualStudioVersion = 17.3.32901.215
MinimumVisualStudioVersion = 10.0.40219.1
Project("{FAE04EC0-301F-11D3-BF4B-00C04F79EFBC}") = "Shared", "Shared\Shared.csproj", "{432FE7C8-D1FC-4FDD-B55E-D12A1FAB540B}"
EndProject
Project("{FAE04EC0-301F-11D3-BF4B-00C04F79EFBC}") = "EventSourcing.API", "EventSourcing.API\EventSourcing.API.csproj", "{06FDF934-46A1-4227-983A-400EA789554B}"
EndProject
Global
	GlobalSection(SolutionConfigurationPlatforms) = preSolution
		Debug|Any CPU = Debug|Any CPU
		Release|Any CPU = Release|Any CPU
	EndGlobalSection
	GlobalSection(ProjectConfigurationPlatforms) = postSolution
		{432FE7C8-D1FC-4FDD-B55E-D12A1FAB540B}.Debug|Any CPU.ActiveCfg = Debug|Any CPU
		{432FE7C8-D1FC-4FDD-B55E-D12A1FAB540B}.Debug|Any CPU.Build.0 = Debug|Any CPU
		{432FE7C8-D1FC-4FDD-B55E-D12A1FAB540B}.Release|Any CPU.ActiveCfg = Release|Any CPU
		{432FE7C8-D1FC-4FDD-B55E-D12A1FAB540B}.Release|Any CPU.Build.0 = Release|Any CPU
		{06FDF934-46A1-4227-983A-400EA789554B}.Debug|Any CPU.ActiveCfg = Debug|Any CPU
		{06FDF934-46A1-4227-983A-400EA789554B}.Debug|Any CPU.Build.0 = Debug|Any CPU
		{06FDF934-46A1-4227-983A-400EA789554B}.Release|Any CPU.ActiveCfg = Release|Any CPU
		{06FDF934-46A1-4227-983A-400EA789554B}.Release|Any CPU.Build.0 = Release|Any CPU
	EndGlobalSection
	GlobalSection(SolutionProperties) = preSolution
		HideSolutionNode = FALSE
	EndGlobalSection
	GlobalSection(ExtensibilityGlobals) = postSolution
		SolutionGuid = {DD0BF89B-DF55-4B0C-804C-CFE43302612E}
	EndGlobalSection
EndGlobal
